
Microsoft Visual Studio Solution File, Format Version 12.00
# Visual Studio Version 17
VisualStudioVersion = 17.7.34024.191
MinimumVisualStudioVersion = 10.0.40219.1
Project("{FAE04EC0-301F-11D3-BF4B-00C04F79EFBC}") = "Lab3", "Lab3\Lab3.csproj", "{4EAA2C07-E99E-4F6F-857C-ECEA1CA42545}"
EndProject
Global
	GlobalSection(SolutionConfigurationPlatforms) = preSolution
		Debug|Any CPU = Debug|Any CPU
		Release|Any CPU = Release|Any CPU
	EndGlobalSection
	GlobalSection(ProjectConfigurationPlatforms) = postSolution
		{4EAA2C07-E99E-4F6F-857C-ECEA1CA42545}.Debug|Any CPU.ActiveCfg = Debug|Any CPU
		{4EAA2C07-E99E-4F6F-857C-ECEA1CA42545}.Debug|Any CPU.Build.0 = Debug|Any CPU
		{4EAA2C07-E99E-4F6F-857C-ECEA1CA42545}.Release|Any CPU.ActiveCfg = Release|Any CPU
		{4EAA2C07-E99E-4F6F-857C-ECEA1CA42545}.Release|Any CPU.Build.0 = Release|Any CPU
	EndGlobalSection
	GlobalSection(SolutionProperties) = preSolution
		HideSolutionNode = FALSE
	EndGlobalSection
	GlobalSection(ExtensibilityGlobals) = postSolution
		SolutionGuid = {B0A44299-E701-4BDE-95D7-CF1D902889EF}
	EndGlobalSection
EndGlobal
